
Microsoft Visual Studio Solution File, Format Version 12.00
# Visual Studio Version 16
VisualStudioVersion = 16.0.31005.135
MinimumVisualStudioVersion = 10.0.40219.1
Project("{FAE04EC0-301F-11D3-BF4B-00C04F79EFBC}") = "Enumeração e composição 1", "Enumeração e composição 1\Enumeração e composição 1.csproj", "{DE0E3D76-8F1E-4E33-B5AC-ABACF7427558}"
EndProject
Global
	GlobalSection(SolutionConfigurationPlatforms) = preSolution
		Debug|Any CPU = Debug|Any CPU
		Release|Any CPU = Release|Any CPU
	EndGlobalSection
	GlobalSection(ProjectConfigurationPlatforms) = postSolution
		{DE0E3D76-8F1E-4E33-B5AC-ABACF7427558}.Debug|Any CPU.ActiveCfg = Debug|Any CPU
		{DE0E3D76-8F1E-4E33-B5AC-ABACF7427558}.Debug|Any CPU.Build.0 = Debug|Any CPU
		{DE0E3D76-8F1E-4E33-B5AC-ABACF7427558}.Release|Any CPU.ActiveCfg = Release|Any CPU
		{DE0E3D76-8F1E-4E33-B5AC-ABACF7427558}.Release|Any CPU.Build.0 = Release|Any CPU
	EndGlobalSection
	GlobalSection(SolutionProperties) = preSolution
		HideSolutionNode = FALSE
	EndGlobalSection
	GlobalSection(ExtensibilityGlobals) = postSolution
		SolutionGuid = {00DD41B9-A9DE-4803-9624-A64FB6E98223}
	EndGlobalSection
EndGlobal
